Microsoft Visual Studio Solution File, Format Version 12.00
# Visual Studio 2012
Project("{FAE04EC0-301F-11D3-BF4B-00C04F79EFBC}") = "NUnitBenchmarker.Core", "NUnitBenchmarker.Core\NUnitBenchmarker.Core.csproj", "{CB56F3BD-DB09-4E75-9590-957DDC895269}"
EndProject
Project("{FAE04EC0-301F-11D3-BF4B-00C04F79EFBC}") = "NUnitBenchmarker.Core.Tests", "NUnitBenchmarker.Core.Tests\NUnitBenchmarker.Core.Tests.csproj", "{5436FBC9-3380-4E68-A2E7-1374315E5B8C}"
EndProject
Project("{FAE04EC0-301F-11D3-BF4B-00C04F79EFBC}") = "NUnitBenchmarker.Tests.Targets", "NUnitBenchmarker.Tests.Targets\NUnitBenchmarker.Tests.Targets.csproj", "{B9FAB394-AB01-4F81-82C3-100B991377EF}"
EndProject
Project("{2150E333-8FDC-42A3-9474-1A3956D46DE8}") = "Tests", "Tests", "{71AFAAB1-8568-4141-B075-E7CC8AFF26CD}"
EndProject
Project("{FAE04EC0-301F-11D3-BF4B-00C04F79EFBC}") = "NUnitBenchmarker.UI", "NUnitBenchmarker.UI\NUnitBenchmarker.UI.csproj", "{F65803B8-681C-4318-978F-32A7ADCA3CA0}"
EndProject
Project("{FAE04EC0-301F-11D3-BF4B-00C04F79EFBC}") = "NUnitBenchmarker.UI.Tests", "NUnitBenchmarker.UI.Tests\NUnitBenchmarker.UI.Tests.csproj", "{C4447036-C80E-46D4-A71D-05D64EA1E313}"
EndProject
Project("{FAE04EC0-301F-11D3-BF4B-00C04F79EFBC}") = "NUnitBenchmarker.UIService", "NUnitBenchmarker.UIService\NUnitBenchmarker.UIService.csproj", "{E5D0D050-596E-44FE-A068-2268266DA6FB}"
EndProject
Project("{FAE04EC0-301F-11D3-BF4B-00C04F79EFBC}") = "NUnitBenchmarker.UIClient", "NUnitBenchmarker.UIClient\NUnitBenchmarker.UIClient.csproj", "{1AFE6F25-1F3F-4061-87A6-DD99C5239C1C}"
EndProject
Project("{FAE04EC0-301F-11D3-BF4B-00C04F79EFBC}") = "NUnitBenchmarker.UIService.Tests", "NUnitBenchmarker.UIService.Tests\NUnitBenchmarker.UIService.Tests.csproj", "{7DBADEB5-3985-4324-AB9C-504CD8E8D810}"
EndProject
Project("{FAE04EC0-301F-11D3-BF4B-00C04F79EFBC}") = "NUnitBenchmarker.UIClient.Tests", "NUnitBenchmarker.UIClient.Tests\NUnitBenchmarker.UIClient.Tests.csproj", "{F6B46EDB-1E5D-40CA-B58B-4F21EC37B0C6}"
EndProject
Project("{2150E333-8FDC-42A3-9474-1A3956D46DE8}") = ".nuget", ".nuget", "{E772C215-9B44-4806-9CBC-AE7C2619CE18}"
	ProjectSection(SolutionItems) = preProject
		.nuget\NuGet.Config = .nuget\NuGet.Config
		.nuget\NuGet.exe = .nuget\NuGet.exe
		.nuget\NuGet.targets = .nuget\NuGet.targets
	EndProjectSection
EndProject
Global
	GlobalSection(SolutionConfigurationPlatforms) = preSolution
		Debug|Any CPU = Debug|Any CPU
		Release|Any CPU = Release|Any CPU
	EndGlobalSection
	GlobalSection(ProjectConfigurationPlatforms) = postSolution
		{CB56F3BD-DB09-4E75-9590-957DDC895269}.Debug|Any CPU.ActiveCfg = Debug|Any CPU
		{CB56F3BD-DB09-4E75-9590-957DDC895269}.Debug|Any CPU.Build.0 = Debug|Any CPU
		{CB56F3BD-DB09-4E75-9590-957DDC895269}.Release|Any CPU.ActiveCfg = Release|Any CPU
		{CB56F3BD-DB09-4E75-9590-957DDC895269}.Release|Any CPU.Build.0 = Release|Any CPU
		{5436FBC9-3380-4E68-A2E7-1374315E5B8C}.Debug|Any CPU.ActiveCfg = Debug|Any CPU
		{5436FBC9-3380-4E68-A2E7-1374315E5B8C}.Debug|Any CPU.Build.0 = Debug|Any CPU
		{5436FBC9-3380-4E68-A2E7-1374315E5B8C}.Release|Any CPU.ActiveCfg = Release|Any CPU
		{5436FBC9-3380-4E68-A2E7-1374315E5B8C}.Release|Any CPU.Build.0 = Release|Any CPU
		{B9FAB394-AB01-4F81-82C3-100B991377EF}.Debug|Any CPU.ActiveCfg = Debug|Any CPU
		{B9FAB394-AB01-4F81-82C3-100B991377EF}.Debug|Any CPU.Build.0 = Debug|Any CPU
		{B9FAB394-AB01-4F81-82C3-100B991377EF}.Release|Any CPU.ActiveCfg = Release|Any CPU
		{B9FAB394-AB01-4F81-82C3-100B991377EF}.Release|Any CPU.Build.0 = Release|Any CPU
		{F65803B8-681C-4318-978F-32A7ADCA3CA0}.Debug|Any CPU.ActiveCfg = Debug|Any CPU
		{F65803B8-681C-4318-978F-32A7ADCA3CA0}.Debug|Any CPU.Build.0 = Debug|Any CPU
		{F65803B8-681C-4318-978F-32A7ADCA3CA0}.Release|Any CPU.ActiveCfg = Release|Any CPU
		{F65803B8-681C-4318-978F-32A7ADCA3CA0}.Release|Any CPU.Build.0 = Release|Any CPU
		{C4447036-C80E-46D4-A71D-05D64EA1E313}.Debug|Any CPU.ActiveCfg = Debug|Any CPU
		{C4447036-C80E-46D4-A71D-05D64EA1E313}.Debug|Any CPU.Build.0 = Debug|Any CPU
		{C4447036-C80E-46D4-A71D-05D64EA1E313}.Release|Any CPU.ActiveCfg = Release|Any CPU
		{C4447036-C80E-46D4-A71D-05D64EA1E313}.Release|Any CPU.Build.0 = Release|Any CPU
		{E5D0D050-596E-44FE-A068-2268266DA6FB}.Debug|Any CPU.ActiveCfg = Debug|Any CPU
		{E5D0D050-596E-44FE-A068-2268266DA6FB}.Debug|Any CPU.Build.0 = Debug|Any CPU
		{E5D0D050-596E-44FE-A068-2268266DA6FB}.Release|Any CPU.ActiveCfg = Release|Any CPU
		{E5D0D050-596E-44FE-A068-2268266DA6FB}.Release|Any CPU.Build.0 = Release|Any CPU
		{1AFE6F25-1F3F-4061-87A6-DD99C5239C1C}.Debug|Any CPU.ActiveCfg = Debug|Any CPU
		{1AFE6F25-1F3F-4061-87A6-DD99C5239C1C}.Debug|Any CPU.Build.0 = Debug|Any CPU
		{1AFE6F25-1F3F-4061-87A6-DD99C5239C1C}.Release|Any CPU.ActiveCfg = Release|Any CPU
		{1AFE6F25-1F3F-4061-87A6-DD99C5239C1C}.Release|Any CPU.Build.0 = Release|Any CPU
		{7DBADEB5-3985-4324-AB9C-504CD8E8D810}.Debug|Any CPU.ActiveCfg = Debug|Any CPU
		{7DBADEB5-3985-4324-AB9C-504CD8E8D810}.Debug|Any CPU.Build.0 = Debug|Any CPU
		{7DBADEB5-3985-4324-AB9C-504CD8E8D810}.Release|Any CPU.ActiveCfg = Release|Any CPU
		{7DBADEB5-3985-4324-AB9C-504CD8E8D810}.Release|Any CPU.Build.0 = Release|Any CPU
		{F6B46EDB-1E5D-40CA-B58B-4F21EC37B0C6}.Debug|Any CPU.ActiveCfg = Debug|Any CPU
		{F6B46EDB-1E5D-40CA-B58B-4F21EC37B0C6}.Debug|Any CPU.Build.0 = Debug|Any CPU
		{F6B46EDB-1E5D-40CA-B58B-4F21EC37B0C6}.Release|Any CPU.ActiveCfg = Release|Any CPU
		{F6B46EDB-1E5D-40CA-B58B-4F21EC37B0C6}.Release|Any CPU.Build.0 = Release|Any CPU
	EndGlobalSection
	GlobalSection(SolutionProperties) = preSolution
		HideSolutionNode = FALSE
	EndGlobalSection
	GlobalSection(NestedProjects) = preSolution
		{B9FAB394-AB01-4F81-82C3-100B991377EF} = {71AFAAB1-8568-4141-B075-E7CC8AFF26CD}
		{5436FBC9-3380-4E68-A2E7-1374315E5B8C} = {71AFAAB1-8568-4141-B075-E7CC8AFF26CD}
		{C4447036-C80E-46D4-A71D-05D64EA1E313} = {71AFAAB1-8568-4141-B075-E7CC8AFF26CD}
		{7DBADEB5-3985-4324-AB9C-504CD8E8D810} = {71AFAAB1-8568-4141-B075-E7CC8AFF26CD}
		{F6B46EDB-1E5D-40CA-B58B-4F21EC37B0C6} = {71AFAAB1-8568-4141-B075-E7CC8AFF26CD}
	EndGlobalSection
EndGlobal
